
Microsoft Visual Studio Solution File, Format Version 12.00
# Visual Studio 16
Project("{FAE04EC0-301F-11D3-BF4B-00C04F79EFBC}") = "Assembly-CSharp", "Assembly-CSharp.csproj", "{CEB0B585-D91F-4CB5-7E57-A13DD57DC4EE}"
EndProject
Global
	GlobalSection(SolutionConfigurationPlatforms) = preSolution
		Debug|Any CPU = Debug|Any CPU
		Release|Any CPU = Release|Any CPU
	EndGlobalSection
	GlobalSection(ProjectConfigurationPlatforms) = postSolution
		{CEB0B585-D91F-4CB5-7E57-A13DD57DC4EE}.Debug|Any CPU.ActiveCfg = Debug|Any CPU
		{CEB0B585-D91F-4CB5-7E57-A13DD57DC4EE}.Debug|Any CPU.Build.0 = Debug|Any CPU
		{CEB0B585-D91F-4CB5-7E57-A13DD57DC4EE}.Release|Any CPU.ActiveCfg = Release|Any CPU
		{CEB0B585-D91F-4CB5-7E57-A13DD57DC4EE}.Release|Any CPU.Build.0 = Release|Any CPU
	EndGlobalSection
	GlobalSection(SolutionProperties) = preSolution
		HideSolutionNode = FALSE
	EndGlobalSection
EndGlobal
